<?xml version="1.0" encoding="utf-8"?>
<Project ToolsVersion="4.0" xmlns="http://schemas.microsoft.com/developer/msbuild/2003">
  <ItemGroup>
    <Filter Include="Source Files">
      <UniqueIdentifier>{4FC737F1-C7A5-4376-A066-2A32D752A2FF}</UniqueIdentifier>
      <Extensions>cpp;c;cc;cxx;c++;cppm;ixx;def;odl;idl;hpj;bat;asm;asmx</Extensions>
    </Filter>
    <Filter Include="Header Files">
      <UniqueIdentifier>{93995380-89BD-4b04-88EB-625FBE52EBFB}</UniqueIdentifier>
      <Extensions>h;hh;hpp;hxx;h++;hm;inl;inc;ipp;xsd</Extensions>
    </Filter>
    <Filter Include="Resource Files">
      <UniqueIdentifier>{67DA6AB6-F800-4c08-8B7A-83BB121AAD01}</UniqueIdentifier>
      <Extensions>rc;ico;cur;bmp;dlg;rc2;rct;bin;rgs;gif;jpg;jpeg;jpe;resx;tiff;tif;png;wav;mfcribbon-ms</Extensions>
    </Filter>
    <Filter Include="Source Files\src">
      <UniqueIdentifier>{6a2de42e-4740-4772-9dfb-65e85a16e934}</UniqueIdentifier>
    </Filter>
  </ItemGroup>
  <ItemGroup>
    <ClCompile Include="..\FamiNsf\src\FamiNsf.cpp">
      <Filter>Source Files\src</Filter>
    </ClCompile>
    <ClCompile Include="main.cpp">
      <Filter>Source Files</Filter>
    </ClCompile>
    <ClCompile Include="..\FamiNsf\src\CPU_6502.cpp">
      <Filter>Source Files\src</Filter>
    </ClCompile>
    <ClCompile Include="..\FamiNsf\src\Memory.cpp">
      <Filter>Source Files\src</Filter>
    </ClCompile>
    <ClCompile Include="..\FamiNsf\src\Registers.cpp">
      <Filter>Source Files\src</Filter>
    </ClCompile>
    <ClCompile Include="..\FamiNsf\src\APU.cpp">
      <Filter>Source Files\src</Filter>
    </ClCompile>
  </ItemGroup>
  <ItemGroup>
    <ClInclude Include="..\FamiNsf\src\FamiNsf.h">
      <Filter>Source Files\src</Filter>
    </ClInclude>
    <ClInclude Include="..\FamiNsf\src\CPU_6502.h">
      <Filter>Source Files\src</Filter>
    </ClInclude>
    <ClInclude Include="..\FamiNsf\src\Memory.h">
      <Filter>Source Files\src</Filter>
    </ClInclude>
    <ClInclude Include="..\FamiNsf\src\Registers.h">
      <Filter>Source Files\src</Filter>
    </ClInclude>
    <ClInclude Include="..\FamiNsf\src\APU.h">
      <Filter>Source Files\src</Filter>
    </ClInclude>
  </ItemGroup>
</Project>